Microsoft Visual Studio Solution File, Format Version 12.00
# Visual Studio Version 17
VisualStudioVersion = 17.5.2.0
MinimumVisualStudioVersion = 10.0.40219.1
Project("{FAE04EC0-301F-11D3-BF4B-00C04F79EFBC}") = "Recipe_API", "Recipe_API\Recipe_API.csproj", "{713FBB05-C769-1118-705B-FB6228B49840}"
EndProject
Global
	GlobalSection(SolutionConfigurationPlatforms) = preSolution
		Debug|Any CPU = Debug|Any CPU
		Release|Any CPU = Release|Any CPU
	EndGlobalSection
	GlobalSection(ProjectConfigurationPlatforms) = postSolution
		{713FBB05-C769-1118-705B-FB6228B49840}.Debug|Any CPU.ActiveCfg = Debug|Any CPU
		{713FBB05-C769-1118-705B-FB6228B49840}.Debug|Any CPU.Build.0 = Debug|Any CPU
		{713FBB05-C769-1118-705B-FB6228B49840}.Release|Any CPU.ActiveCfg = Release|Any CPU
		{713FBB05-C769-1118-705B-FB6228B49840}.Release|Any CPU.Build.0 = Release|Any CPU
	EndGlobalSection
	GlobalSection(SolutionProperties) = preSolution
		HideSolutionNode = FALSE
	EndGlobalSection
	GlobalSection(ExtensibilityGlobals) = postSolution
		SolutionGuid = {DD34E1AE-EAEF-4947-A720-90E4B3424C4F}
	EndGlobalSection
EndGlobal
